
Microsoft Visual Studio Solution File, Format Version 12.00
# Visual Studio Version 17
VisualStudioVersion = 17.3.32804.467
MinimumVisualStudioVersion = 10.0.40219.1
Project("{FAE04EC0-301F-11D3-BF4B-00C04F79EFBC}") = "Chess", "Chess.csproj", "{93BE7A37-474C-4FE8-8224-4B1B5A447D3A}"
EndProject
Global
	GlobalSection(SolutionConfigurationPlatforms) = preSolution
		Debug|Any CPU = Debug|Any CPU
		Release|Any CPU = Release|Any CPU
	EndGlobalSection
	GlobalSection(ProjectConfigurationPlatforms) = postSolution
		{93BE7A37-474C-4FE8-8224-4B1B5A447D3A}.Debug|Any CPU.ActiveCfg = Debug|Any CPU
		{93BE7A37-474C-4FE8-8224-4B1B5A447D3A}.Debug|Any CPU.Build.0 = Debug|Any CPU
		{93BE7A37-474C-4FE8-8224-4B1B5A447D3A}.Release|Any CPU.ActiveCfg = Release|Any CPU
		{93BE7A37-474C-4FE8-8224-4B1B5A447D3A}.Release|Any CPU.Build.0 = Release|Any CPU
	EndGlobalSection
	GlobalSection(SolutionProperties) = preSolution
		HideSolutionNode = FALSE
	EndGlobalSection
	GlobalSection(ExtensibilityGlobals) = postSolution
		SolutionGuid = {391DA0BE-CCCF-4A68-89A1-583E33B5E9B4}
	EndGlobalSection
EndGlobal
